{
  "name": "MerkleCalendar",
  "version": "1.0.0",
  "lockfileVersion": 2,
  "requires": true,
  "packages": {
    "": {
      "name": "MerkleCalendar",
      "version": "1.0.0",
      "license": "ISC",
      "dependencies": {
        "@types/node": "^18.7.16",
        "crypto": "^1.0.1",
        "merkle-tools": "^1.4.1"
      },
      "devDependencies": {
        "typescript": "^4.8.2"
      }
    },
    "node_modules/@types/node": {
      "version": "18.7.16",
      "resolved": "https://registry.npmjs.org/@types/node/-/node-18.7.16.tgz",
      "integrity": "sha512-EQHhixfu+mkqHMZl1R2Ovuvn47PUw18azMJOTwSZr9/fhzHNGXAJ0ma0dayRVchprpCj0Kc1K1xKoWaATWF1qg=="
    },
    "node_modules/crypto": {
      "version": "1.0.1",
      "resolved": "https://registry.npmjs.org/crypto/-/crypto-1.0.1.tgz",
      "integrity": "sha512-VxBKmeNcqQdiUQUW2Tzq0t377b54N2bMtXO/qiLa+6eRRmmC4qT3D4OnTGoT/U6O9aklQ/jTwbOtRMTTY8G0Ig==",
      "deprecated": "This package is no longer supported. It's now a built-in Node module. If you've depended on crypto, you should switch to the one that's built-in."
    },
    "node_modules/js-sha3": {
      "version": "0.8.0",
      "resolved": "https://registry.npmjs.org/js-sha3/-/js-sha3-0.8.0.tgz",
      "integrity": "sha512-gF1cRrHhIzNfToc802P800N8PpXS+evLLXfsVpowqmAFR9uwbi89WvXg2QspOmXL8QL86J4T1EpFu+yUkwJY3Q=="
    },
    "node_modules/merkle-tools": {
      "version": "1.4.1",
      "resolved": "https://registry.npmjs.org/merkle-tools/-/merkle-tools-1.4.1.tgz",
      "integrity": "sha512-QhO1/eDvAnyn0oXgRWlydVWYVMrVJwrdNICYvQXYhBU1Bjj1LoxsQxdAKJ5ttN3L6pkKhjcK6O4k927kgTMdqw==",
      "dependencies": {
        "js-sha3": "^0.8.0"
      }
    },
    "node_modules/typescript": {
      "version": "4.8.2",
      "resolved": "https://registry.npmjs.org/typescript/-/typescript-4.8.2.tgz",
      "integrity": "sha512-C0I1UsrrDHo2fYI5oaCGbSejwX4ch+9Y5jTQELvovfmFkK3HHSZJB8MSJcWLmCUBzQBchCrZ9rMRV6GuNrvGtw==",
      "dev": true,
      "bin": {
        "tsc": "bin/tsc",
        "tsserver": "bin/tsserver"
      },
      "engines": {
        "node": ">=4.2.0"
      }
    }
  },
  "dependencies": {
    "@types/node": {
      "version": "18.7.16",
      "resolved": "https://registry.npmjs.org/@types/node/-/node-18.7.16.tgz",
      "integrity": "sha512-EQHhixfu+mkqHMZl1R2Ovuvn47PUw18azMJOTwSZr9/fhzHNGXAJ0ma0dayRVchprpCj0Kc1K1xKoWaATWF1qg=="
    },
    "crypto": {
      "version": "1.0.1",
      "resolved": "https://registry.npmjs.org/crypto/-/crypto-1.0.1.tgz",
      "integrity": "sha512-VxBKmeNcqQdiUQUW2Tzq0t377b54N2bMtXO/qiLa+6eRRmmC4qT3D4OnTGoT/U6O9aklQ/jTwbOtRMTTY8G0Ig=="
    },
    "js-sha3": {
      "version": "0.8.0",
      "resolved": "https://registry.npmjs.org/js-sha3/-/js-sha3-0.8.0.tgz",
      "integrity": "sha512-gF1cRrHhIzNfToc802P800N8PpXS+evLLXfsVpowqmAFR9uwbi89WvXg2QspOmXL8QL86J4T1EpFu+yUkwJY3Q=="
    },
    "merkle-tools": {
      "version": "1.4.1",
      "resolved": "https://registry.npmjs.org/merkle-tools/-/merkle-tools-1.4.1.tgz",
      "integrity": "sha512-QhO1/eDvAnyn0oXgRWlydVWYVMrVJwrdNICYvQXYhBU1Bjj1LoxsQxdAKJ5ttN3L6pkKhjcK6O4k927kgTMdqw==",
      "requires": {
        "js-sha3": "^0.8.0"
      }
    },
    "typescript": {
      "version": "4.8.2",
      "resolved": "https://registry.npmjs.org/typescript/-/typescript-4.8.2.tgz",
      "integrity": "sha512-C0I1UsrrDHo2fYI5oaCGbSejwX4ch+9Y5jTQELvovfmFkK3HHSZJB8MSJcWLmCUBzQBchCrZ9rMRV6GuNrvGtw==",
      "dev": true
    }
  }
}
